{
  "name": "njs-documentdb",
  "version": "1.0.0",
  "lockfileVersion": 1,
  "requires": true,
  "dependencies": {
    "big-integer": {
      "version": "1.6.26",
      "resolved": "https://registry.npmjs.org/big-integer/-/big-integer-1.6.26.tgz",
      "integrity": "sha1-OvFnL6Ytry1eyvrPblqg0l4Cwcg="
    },
    "binary-search-bounds": {
      "version": "2.0.3",
      "resolved": "https://registry.npmjs.org/binary-search-bounds/-/binary-search-bounds-2.0.3.tgz",
      "integrity": "sha1-X/hhbW3SylOIvIWy1iZuK52lAtw="
    },
    "documentdb": {
      "version": "1.14.2",
      "resolved": "https://registry.npmjs.org/documentdb/-/documentdb-1.14.2.tgz",
      "integrity": "sha512-VTytduwd3Sjk2vNA1GV0ZZ3BOCMtb2Qp+Qu+n3df320mTYtHDY15D6cjR2W/9o3j1eE3S8mLJ+qCTU3uhy2wFw==",
      "requires": {
        "big-integer": "1.6.26",
        "binary-search-bounds": "2.0.3",
        "int64-buffer": "0.1.10",
        "priorityqueuejs": "1.0.0",
        "semaphore": "1.0.5",
        "tunnel": "0.0.5",
        "underscore": "1.8.3"
      }
    },
    "documentdb-q-promises": {
      "version": "1.6.0",
      "resolved": "https://registry.npmjs.org/documentdb-q-promises/-/documentdb-q-promises-1.6.0.tgz",
      "integrity": "sha1-09rf+QRWVMwbdAtocbJ7DGV4iWg=",
      "requires": {
        "documentdb": "1.14.2",
        "q": "1.5.1"
      }
    },
    "dotenv": {
      "version": "5.0.0",
      "resolved": "https://registry.npmjs.org/dotenv/-/dotenv-5.0.0.tgz",
      "integrity": "sha512-p4A7snaxI9Hnj3GDWhTpckHYcd9WwZDmGPcvJJV3CoRFq0Dvsp96eYgXBl9WbmbJfuxqiZ2WenNaeWSs675ghQ==",
      "dev": true
    },
    "getenv": {
      "version": "0.7.0",
      "resolved": "https://registry.npmjs.org/getenv/-/getenv-0.7.0.tgz",
      "integrity": "sha1-ObkYOHB+IIb9HPbvh3fRyT4UZJ4=",
      "dev": true
    },
    "int64-buffer": {
      "version": "0.1.10",
      "resolved": "https://registry.npmjs.org/int64-buffer/-/int64-buffer-0.1.10.tgz",
      "integrity": "sha1-J3siiofZWtd30HwTgyAiQGpHNCM="
    },
    "priorityqueuejs": {
      "version": "1.0.0",
      "resolved": "https://registry.npmjs.org/priorityqueuejs/-/priorityqueuejs-1.0.0.tgz",
      "integrity": "sha1-LuTyPCVgkT4IwHzlzN1t498sWvg="
    },
    "promise-limit": {
      "version": "2.5.0",
      "resolved": "https://registry.npmjs.org/promise-limit/-/promise-limit-2.5.0.tgz",
      "integrity": "sha512-rcM2P2gwKlGBxARVAl8yewVv01rJwV/nwHg9a+onduvaOagiqfZJe3esOWspD5/5adyQs1b4ZYwQcZoSfuZGKQ==",
      "dev": true
    },
    "q": {
      "version": "1.5.1",
      "resolved": "https://registry.npmjs.org/q/-/q-1.5.1.tgz",
      "integrity": "sha1-fjL3W0E4EpHQRhHxvxQQmsAGUdc="
    },
    "semaphore": {
      "version": "1.0.5",
      "resolved": "https://registry.npmjs.org/semaphore/-/semaphore-1.0.5.tgz",
      "integrity": "sha1-tJJXbmavGT25XWXiXsU/Xxl5jWA="
    },
    "tunnel": {
      "version": "0.0.5",
      "resolved": "https://registry.npmjs.org/tunnel/-/tunnel-0.0.5.tgz",
      "integrity": "sha512-gj5sdqherx4VZKMcBA4vewER7zdK25Td+z1npBqpbDys4eJrLx+SlYjJvq1bDXs2irkuJM5pf8ktaEQVipkrbA=="
    },
    "underscore": {
      "version": "1.8.3",
      "resolved": "https://registry.npmjs.org/underscore/-/underscore-1.8.3.tgz",
      "integrity": "sha1-Tz+1OxBuYJf8+ctBCfKl6b36UCI="
    }
  }
}
